<?xml version="1.0" encoding="utf-8"?>
<Project ToolsVersion="4.0" xmlns="http://schemas.microsoft.com/developer/msbuild/2003">
  <ItemGroup>
    <Filter Include="Source Files">
      <UniqueIdentifier>{4FC737F1-C7A5-4376-A066-2A32D752A2FF}</UniqueIdentifier>
      <Extensions>cpp;c;cc;cxx;c++;cppm;ixx;def;odl;idl;hpj;bat;asm;asmx</Extensions>
    </Filter>
    <Filter Include="Header Files">
      <UniqueIdentifier>{93995380-89BD-4b04-88EB-625FBE52EBFB}</UniqueIdentifier>
      <Extensions>h;hh;hpp;hxx;h++;hm;inl;inc;ipp;xsd</Extensions>
    </Filter>
    <Filter Include="Resource Files">
      <UniqueIdentifier>{67DA6AB6-F800-4c08-8B7A-83BB121AAD01}</UniqueIdentifier>
      <Extensions>rc;ico;cur;bmp;dlg;rc2;rct;bin;rgs;gif;jpg;jpeg;jpe;resx;tiff;tif;png;wav;mfcribbon-ms</Extensions>
    </Filter>
  </ItemGroup>
  <ItemGroup>
    <ClCompile Include="dllmain.cpp">
      <Filter>Source Files</Filter>
    </ClCompile>
    <ClCompile Include="external\ImGui\imgui.cpp">
      <Filter>Source Files</Filter>
    </ClCompile>
    <ClCompile Include="external\ImGui\imgui_demo.cpp">
      <Filter>Source Files</Filter>
    </ClCompile>
    <ClCompile Include="external\ImGui\imgui_draw.cpp">
      <Filter>Source Files</Filter>
    </ClCompile>
    <ClCompile Include="external\ImGui\imgui_impl_dx9.cpp">
      <Filter>Source Files</Filter>
    </ClCompile>
    <ClCompile Include="external\ImGui\imgui_impl_dx11.cpp">
      <Filter>Source Files</Filter>
    </ClCompile>
    <ClCompile Include="external\ImGui\imgui_impl_win32.cpp">
      <Filter>Source Files</Filter>
    </ClCompile>
    <ClCompile Include="external\ImGui\imgui_tables.cpp">
      <Filter>Source Files</Filter>
    </ClCompile>
    <ClCompile Include="external\ImGui\imgui_widgets.cpp">
      <Filter>Source Files</Filter>
    </ClCompile>
    <ClCompile Include="external\kiero\minhook\src\hde\hde32.c">
      <Filter>Source Files</Filter>
    </ClCompile>
    <ClCompile Include="external\kiero\minhook\src\hde\hde64.c">
      <Filter>Source Files</Filter>
    </ClCompile>
    <ClCompile Include="external\kiero\minhook\src\buffer.c">
      <Filter>Source Files</Filter>
    </ClCompile>
    <ClCompile Include="external\kiero\minhook\src\hook.c">
      <Filter>Source Files</Filter>
    </ClCompile>
    <ClCompile Include="external\kiero\minhook\src\trampoline.c">
      <Filter>Source Files</Filter>
    </ClCompile>
    <ClCompile Include="external\kiero\kiero.cpp">
      <Filter>Source Files</Filter>
    </ClCompile>
    <ClCompile Include="external\MinHook\src\hde\hde32.c">
      <Filter>Source Files</Filter>
    </ClCompile>
    <ClCompile Include="external\MinHook\src\hde\hde64.c">
      <Filter>Source Files</Filter>
    </ClCompile>
    <ClCompile Include="external\MinHook\src\buffer.c">
      <Filter>Source Files</Filter>
    </ClCompile>
    <ClCompile Include="external\MinHook\src\hook.c">
      <Filter>Source Files</Filter>
    </ClCompile>
    <ClCompile Include="external\MinHook\src\trampoline.c">
      <Filter>Source Files</Filter>
    </ClCompile>
    <ClCompile Include="Gui\gui.cpp">
      <Filter>Source Files</Filter>
    </ClCompile>
    <ClCompile Include="Gui\overlay.cpp">
      <Filter>Source Files</Filter>
    </ClCompile>
    <ClCompile Include="Private\console.cpp">
      <Filter>Source Files</Filter>
    </ClCompile>
    <ClCompile Include="Game\SDK\AIModule_functions.cpp">
      <Filter>Source Files</Filter>
    </ClCompile>
    <ClCompile Include="Game\SDK\AnimationBudgetAllocator_functions.cpp">
      <Filter>Source Files</Filter>
    </ClCompile>
    <ClCompile Include="Game\SDK\AnimationSharing_functions.cpp">
      <Filter>Source Files</Filter>
    </ClCompile>
    <ClCompile Include="Game\SDK\AnimGraphRuntime_functions.cpp">
      <Filter>Source Files</Filter>
    </ClCompile>
    <ClCompile Include="Game\SDK\AssetRegistry_functions.cpp">
      <Filter>Source Files</Filter>
    </ClCompile>
    <ClCompile Include="Game\SDK\AudioMixer_functions.cpp">
      <Filter>Source Files</Filter>
    </ClCompile>
    <ClCompile Include="Game\SDK\B_Melee_Generic_functions.cpp">
      <Filter>Source Files</Filter>
    </ClCompile>
    <ClCompile Include="Game\SDK\Basic.cpp">
      <Filter>Source Files</Filter>
    </ClCompile>
    <ClCompile Include="Game\SDK\BlueprintContext_functions.cpp">
      <Filter>Source Files</Filter>
    </ClCompile>
    <ClCompile Include="Game\SDK\CinematicCamera_functions.cpp">
      <Filter>Source Files</Filter>
    </ClCompile>
    <ClCompile Include="Game\SDK\CommonInput_functions.cpp">
      <Filter>Source Files</Filter>
    </ClCompile>
    <ClCompile Include="Game\SDK\CommonUI_functions.cpp">
      <Filter>Source Files</Filter>
    </ClCompile>
    <ClCompile Include="Game\SDK\CoreUObject_functions.cpp">
      <Filter>Source Files</Filter>
    </ClCompile>
    <ClCompile Include="Game\SDK\Engine_functions.cpp">
      <Filter>Source Files</Filter>
    </ClCompile>
    <ClCompile Include="Game\SDK\EpicCMSUIFramework_functions.cpp">
      <Filter>Source Files</Filter>
    </ClCompile>
    <ClCompile Include="Game\SDK\Foliage_functions.cpp">
      <Filter>Source Files</Filter>
    </ClCompile>
    <ClCompile Include="Game\SDK\FortniteGame_functions.cpp">
      <Filter>Source Files</Filter>
    </ClCompile>
    <ClCompile Include="Game\SDK\FortniteUI_functions.cpp">
      <Filter>Source Files</Filter>
    </ClCompile>
    <ClCompile Include="Game\SDK\GameplayAbilities_functions.cpp">
      <Filter>Source Files</Filter>
    </ClCompile>
    <ClCompile Include="Game\SDK\GameplayTags_functions.cpp">
      <Filter>Source Files</Filter>
    </ClCompile>
    <ClCompile Include="Game\SDK\GameplayTasks_functions.cpp">
      <Filter>Source Files</Filter>
    </ClCompile>
    <ClCompile Include="Game\SDK\Hotfix_functions.cpp">
      <Filter>Source Files</Filter>
    </ClCompile>
    <ClCompile Include="Game\SDK\Lobby_functions.cpp">
      <Filter>Source Files</Filter>
    </ClCompile>
    <ClCompile Include="Game\SDK\McpProfileSys_functions.cpp">
      <Filter>Source Files</Filter>
    </ClCompile>
    <ClCompile Include="Game\SDK\MediaAssets_functions.cpp">
      <Filter>Source Files</Filter>
    </ClCompile>
    <ClCompile Include="Game\SDK\MeshNetwork_functions.cpp">
      <Filter>Source Files</Filter>
    </ClCompile>
    <ClCompile Include="Game\SDK\MovieScene_functions.cpp">
      <Filter>Source Files</Filter>
    </ClCompile>
    <ClCompile Include="Game\SDK\MovieSceneCapture_functions.cpp">
      <Filter>Source Files</Filter>
    </ClCompile>
    <ClCompile Include="Game\SDK\MovieSceneTracks_functions.cpp">
      <Filter>Source Files</Filter>
    </ClCompile>
    <ClCompile Include="Game\SDK\NavigationSystem_functions.cpp">
      <Filter>Source Files</Filter>
    </ClCompile>
    <ClCompile Include="Game\SDK\OnlineSubsystem_functions.cpp">
      <Filter>Source Files</Filter>
    </ClCompile>
    <ClCompile Include="Game\SDK\OnlineSubsystemUtils_functions.cpp">
      <Filter>Source Files</Filter>
    </ClCompile>
    <ClCompile Include="Game\SDK\PhysXVehicles_functions.cpp">
      <Filter>Source Files</Filter>
    </ClCompile>
    <ClCompile Include="Game\SDK\RejoinWindow_functions.cpp">
      <Filter>Source Files</Filter>
    </ClCompile>
    <ClCompile Include="Game\SDK\ReplicationGraph_functions.cpp">
      <Filter>Source Files</Filter>
    </ClCompile>
    <ClCompile Include="Game\SDK\SocialUMG_functions.cpp">
      <Filter>Source Files</Filter>
    </ClCompile>
    <ClCompile Include="Game\SDK\SubtitlesWidgets_functions.cpp">
      <Filter>Source Files</Filter>
    </ClCompile>
    <ClCompile Include="Game\SDK\UMG_functions.cpp">
      <Filter>Source Files</Filter>
    </ClCompile>
    <ClCompile Include="Private\maths.cpp">
      <Filter>Source Files</Filter>
    </ClCompile>
    <ClCompile Include="Private\esp.cpp">
      <Filter>Source Files</Filter>
    </ClCompile>
    <ClCompile Include="Private\aimbot.cpp">
      <Filter>Source Files</Filter>
    </ClCompile>
    <ClCompile Include="Private\log.cpp">
      <Filter>Source Files</Filter>
    </ClCompile>
    <ClCompile Include="Private\player.cpp">
      <Filter>Source Files</Filter>
    </ClCompile>
    <ClCompile Include="Private\weapon.cpp">
      <Filter>Source Files</Filter>
    </ClCompile>
    <ClCompile Include="hooks\hooks.cpp">
      <Filter>Source Files</Filter>
    </ClCompile>
    <ClCompile Include="Private\vehicle.cpp">
      <Filter>Source Files</Filter>
    </ClCompile>
  </ItemGroup>
  <ItemGroup>
    <ClInclude Include="external\ImGui\imconfig.h">
      <Filter>Header Files</Filter>
    </ClInclude>
    <ClInclude Include="external\ImGui\imgui.h">
      <Filter>Header Files</Filter>
    </ClInclude>
    <ClInclude Include="external\ImGui\imgui_impl_dx9.h">
      <Filter>Header Files</Filter>
    </ClInclude>
    <ClInclude Include="external\ImGui\imgui_impl_dx11.h">
      <Filter>Header Files</Filter>
    </ClInclude>
    <ClInclude Include="external\ImGui\imgui_impl_win32.h">
      <Filter>Header Files</Filter>
    </ClInclude>
    <ClInclude Include="external\ImGui\imgui_internal.h">
      <Filter>Header Files</Filter>
    </ClInclude>
    <ClInclude Include="external\ImGui\imstb_rectpack.h">
      <Filter>Header Files</Filter>
    </ClInclude>
    <ClInclude Include="external\ImGui\imstb_textedit.h">
      <Filter>Header Files</Filter>
    </ClInclude>
    <ClInclude Include="external\ImGui\imstb_truetype.h">
      <Filter>Header Files</Filter>
    </ClInclude>
    <ClInclude Include="external\kiero\minhook\include\MinHook.h">
      <Filter>Header Files</Filter>
    </ClInclude>
    <ClInclude Include="external\kiero\minhook\src\hde\hde32.h">
      <Filter>Header Files</Filter>
    </ClInclude>
    <ClInclude Include="external\kiero\minhook\src\hde\hde64.h">
      <Filter>Header Files</Filter>
    </ClInclude>
    <ClInclude Include="external\kiero\minhook\src\hde\pstdint.h">
      <Filter>Header Files</Filter>
    </ClInclude>
    <ClInclude Include="external\kiero\minhook\src\hde\table32.h">
      <Filter>Header Files</Filter>
    </ClInclude>
    <ClInclude Include="external\kiero\minhook\src\hde\table64.h">
      <Filter>Header Files</Filter>
    </ClInclude>
    <ClInclude Include="external\kiero\minhook\src\buffer.h">
      <Filter>Header Files</Filter>
    </ClInclude>
    <ClInclude Include="external\kiero\minhook\src\trampoline.h">
      <Filter>Header Files</Filter>
    </ClInclude>
    <ClInclude Include="external\kiero\kiero.h">
      <Filter>Header Files</Filter>
    </ClInclude>
    <ClInclude Include="external\MinHook\include\MinHook.h">
      <Filter>Header Files</Filter>
    </ClInclude>
    <ClInclude Include="external\MinHook\src\hde\hde32.h">
      <Filter>Header Files</Filter>
    </ClInclude>
    <ClInclude Include="external\MinHook\src\hde\hde64.h">
      <Filter>Header Files</Filter>
    </ClInclude>
    <ClInclude Include="external\MinHook\src\hde\pstdint.h">
      <Filter>Header Files</Filter>
    </ClInclude>
    <ClInclude Include="external\MinHook\src\hde\table32.h">
      <Filter>Header Files</Filter>
    </ClInclude>
    <ClInclude Include="external\MinHook\src\hde\table64.h">
      <Filter>Header Files</Filter>
    </ClInclude>
    <ClInclude Include="external\MinHook\src\buffer.h">
      <Filter>Header Files</Filter>
    </ClInclude>
    <ClInclude Include="external\MinHook\src\trampoline.h">
      <Filter>Header Files</Filter>
    </ClInclude>
    <ClInclude Include="Game\PropertyFixup.hpp">
      <Filter>Header Files</Filter>
    </ClInclude>
    <ClInclude Include="Game\UnrealContainers.hpp">
      <Filter>Header Files</Filter>
    </ClInclude>
    <ClInclude Include="Game\UtfN.hpp">
      <Filter>Header Files</Filter>
    </ClInclude>
    <ClInclude Include="Gui\gui.h">
      <Filter>Header Files</Filter>
    </ClInclude>
    <ClInclude Include="Gui\overlay.h">
      <Filter>Header Files</Filter>
    </ClInclude>
    <ClInclude Include="Public\Configuration.h">
      <Filter>Header Files</Filter>
    </ClInclude>
    <ClInclude Include="Public\console.h">
      <Filter>Header Files</Filter>
    </ClInclude>
    <ClInclude Include="Game\SDK\Account_classes.hpp">
      <Filter>Header Files</Filter>
    </ClInclude>
    <ClInclude Include="Game\SDK\Account_structs.hpp">
      <Filter>Header Files</Filter>
    </ClInclude>
    <ClInclude Include="Game\SDK\AIModule_classes.hpp">
      <Filter>Header Files</Filter>
    </ClInclude>
    <ClInclude Include="Game\SDK\AIModule_parameters.hpp">
      <Filter>Header Files</Filter>
    </ClInclude>
    <ClInclude Include="Game\SDK\AIModule_structs.hpp">
      <Filter>Header Files</Filter>
    </ClInclude>
    <ClInclude Include="Game\SDK\AnimationBudgetAllocator_classes.hpp">
      <Filter>Header Files</Filter>
    </ClInclude>
    <ClInclude Include="Game\SDK\AnimationBudgetAllocator_parameters.hpp">
      <Filter>Header Files</Filter>
    </ClInclude>
    <ClInclude Include="Game\SDK\AnimationCore_structs.hpp">
      <Filter>Header Files</Filter>
    </ClInclude>
    <ClInclude Include="Game\SDK\AnimationSharing_classes.hpp">
      <Filter>Header Files</Filter>
    </ClInclude>
    <ClInclude Include="Game\SDK\AnimationSharing_parameters.hpp">
      <Filter>Header Files</Filter>
    </ClInclude>
    <ClInclude Include="Game\SDK\AnimationSharing_structs.hpp">
      <Filter>Header Files</Filter>
    </ClInclude>
    <ClInclude Include="Game\SDK\AnimGraphRuntime_classes.hpp">
      <Filter>Header Files</Filter>
    </ClInclude>
    <ClInclude Include="Game\SDK\AnimGraphRuntime_parameters.hpp">
      <Filter>Header Files</Filter>
    </ClInclude>
    <ClInclude Include="Game\SDK\AnimGraphRuntime_structs.hpp">
      <Filter>Header Files</Filter>
    </ClInclude>
    <ClInclude Include="Game\SDK\AssetRegistry_classes.hpp">
      <Filter>Header Files</Filter>
    </ClInclude>
    <ClInclude Include="Game\SDK\AssetRegistry_parameters.hpp">
      <Filter>Header Files</Filter>
    </ClInclude>
    <ClInclude Include="Game\SDK\AssetRegistry_structs.hpp">
      <Filter>Header Files</Filter>
    </ClInclude>
    <ClInclude Include="Game\SDK\AudioMixer_classes.hpp">
      <Filter>Header Files</Filter>
    </ClInclude>
    <ClInclude Include="Game\SDK\AudioMixer_parameters.hpp">
      <Filter>Header Files</Filter>
    </ClInclude>
    <ClInclude Include="Game\SDK\AudioMixer_structs.hpp">
      <Filter>Header Files</Filter>
    </ClInclude>
    <ClInclude Include="Game\SDK\AudioPlatformConfiguration_structs.hpp">
      <Filter>Header Files</Filter>
    </ClInclude>
    <ClInclude Include="Game\SDK\B_Melee_Generic_classes.hpp">
      <Filter>Header Files</Filter>
    </ClInclude>
    <ClInclude Include="Game\SDK\B_Melee_Generic_parameters.hpp">
      <Filter>Header Files</Filter>
    </ClInclude>
    <ClInclude Include="Game\SDK\Basic.hpp">
      <Filter>Header Files</Filter>
    </ClInclude>
    <ClInclude Include="Game\SDK\BlueprintContext_classes.hpp">
      <Filter>Header Files</Filter>
    </ClInclude>
    <ClInclude Include="Game\SDK\BlueprintContext_parameters.hpp">
      <Filter>Header Files</Filter>
    </ClInclude>
    <ClInclude Include="Game\SDK\CinematicCamera_classes.hpp">
      <Filter>Header Files</Filter>
    </ClInclude>
    <ClInclude Include="Game\SDK\CinematicCamera_MatineeTransition_classes.hpp">
      <Filter>Header Files</Filter>
    </ClInclude>
    <ClInclude Include="Game\SDK\CinematicCamera_parameters.hpp">
      <Filter>Header Files</Filter>
    </ClInclude>
    <ClInclude Include="Game\SDK\CinematicCamera_structs.hpp">
      <Filter>Header Files</Filter>
    </ClInclude>
    <ClInclude Include="Game\SDK\ClientPilot_classes.hpp">
      <Filter>Header Files</Filter>
    </ClInclude>
    <ClInclude Include="Game\SDK\CommonInput_classes.hpp">
      <Filter>Header Files</Filter>
    </ClInclude>
    <ClInclude Include="Game\SDK\CommonInput_parameters.hpp">
      <Filter>Header Files</Filter>
    </ClInclude>
    <ClInclude Include="Game\SDK\CommonInput_structs.hpp">
      <Filter>Header Files</Filter>
    </ClInclude>
    <ClInclude Include="Game\SDK\CommonUI_classes.hpp">
      <Filter>Header Files</Filter>
    </ClInclude>
    <ClInclude Include="Game\SDK\CommonUI_parameters.hpp">
      <Filter>Header Files</Filter>
    </ClInclude>
    <ClInclude Include="Game\SDK\CommonUI_structs.hpp">
      <Filter>Header Files</Filter>
    </ClInclude>
    <ClInclude Include="Game\SDK\CoreUObject_classes.hpp">
      <Filter>Header Files</Filter>
    </ClInclude>
    <ClInclude Include="Game\SDK\CoreUObject_parameters.hpp">
      <Filter>Header Files</Filter>
    </ClInclude>
    <ClInclude Include="Game\SDK\CoreUObject_structs.hpp">
      <Filter>Header Files</Filter>
    </ClInclude>
    <ClInclude Include="Game\SDK\Engine_classes.hpp">
      <Filter>Header Files</Filter>
    </ClInclude>
    <ClInclude Include="Game\SDK\Engine_parameters.hpp">
      <Filter>Header Files</Filter>
    </ClInclude>
    <ClInclude Include="Game\SDK\Engine_structs.hpp">
      <Filter>Header Files</Filter>
    </ClInclude>
    <ClInclude Include="Game\SDK\EpicCMSUIFramework_classes.hpp">
      <Filter>Header Files</Filter>
    </ClInclude>
    <ClInclude Include="Game\SDK\EpicCMSUIFramework_parameters.hpp">
      <Filter>Header Files</Filter>
    </ClInclude>
    <ClInclude Include="Game\SDK\EpicCMSUIFramework_structs.hpp">
      <Filter>Header Files</Filter>
    </ClInclude>
    <ClInclude Include="Game\SDK\Foliage_classes.hpp">
      <Filter>Header Files</Filter>
    </ClInclude>
    <ClInclude Include="Game\SDK\Foliage_parameters.hpp">
      <Filter>Header Files</Filter>
    </ClInclude>
    <ClInclude Include="Game\SDK\Foliage_structs.hpp">
      <Filter>Header Files</Filter>
    </ClInclude>
    <ClInclude Include="Game\SDK\FortniteGame_classes.hpp">
      <Filter>Header Files</Filter>
    </ClInclude>
    <ClInclude Include="Game\SDK\FortniteGame_parameters.hpp">
      <Filter>Header Files</Filter>
    </ClInclude>
    <ClInclude Include="Game\SDK\FortniteGame_structs.hpp">
      <Filter>Header Files</Filter>
    </ClInclude>
    <ClInclude Include="Game\SDK\FortniteUI_classes.hpp">
      <Filter>Header Files</Filter>
    </ClInclude>
    <ClInclude Include="Game\SDK\FortniteUI_parameters.hpp">
      <Filter>Header Files</Filter>
    </ClInclude>
    <ClInclude Include="Game\SDK\FortniteUI_structs.hpp">
      <Filter>Header Files</Filter>
    </ClInclude>
    <ClInclude Include="Game\SDK\GameplayAbilities_classes.hpp">
      <Filter>Header Files</Filter>
    </ClInclude>
    <ClInclude Include="Game\SDK\GameplayAbilities_parameters.hpp">
      <Filter>Header Files</Filter>
    </ClInclude>
    <ClInclude Include="Game\SDK\GameplayAbilities_structs.hpp">
      <Filter>Header Files</Filter>
    </ClInclude>
    <ClInclude Include="Game\SDK\GameplayTags_classes.hpp">
      <Filter>Header Files</Filter>
    </ClInclude>
    <ClInclude Include="Game\SDK\GameplayTags_parameters.hpp">
      <Filter>Header Files</Filter>
    </ClInclude>
    <ClInclude Include="Game\SDK\GameplayTags_structs.hpp">
      <Filter>Header Files</Filter>
    </ClInclude>
    <ClInclude Include="Game\SDK\GameplayTasks_classes.hpp">
      <Filter>Header Files</Filter>
    </ClInclude>
    <ClInclude Include="Game\SDK\GameplayTasks_parameters.hpp">
      <Filter>Header Files</Filter>
    </ClInclude>
    <ClInclude Include="Game\SDK\GameplayTasks_structs.hpp">
      <Filter>Header Files</Filter>
    </ClInclude>
    <ClInclude Include="Game\SDK\GameSubCatalog_structs.hpp">
      <Filter>Header Files</Filter>
    </ClInclude>
    <ClInclude Include="Game\SDK\Gauntlet_classes.hpp">
      <Filter>Header Files</Filter>
    </ClInclude>
    <ClInclude Include="Game\SDK\Hotfix_classes.hpp">
      <Filter>Header Files</Filter>
    </ClInclude>
    <ClInclude Include="Game\SDK\Hotfix_structs.hpp">
      <Filter>Header Files</Filter>
    </ClInclude>
    <ClInclude Include="Game\SDK\InputCore_classes.hpp">
      <Filter>Header Files</Filter>
    </ClInclude>
    <ClInclude Include="Game\SDK\InputCore_structs.hpp">
      <Filter>Header Files</Filter>
    </ClInclude>
    <ClInclude Include="Game\SDK\JsonUtilities_classes.hpp">
      <Filter>Header Files</Filter>
    </ClInclude>
    <ClInclude Include="Game\SDK\JsonUtilities_structs.hpp">
      <Filter>Header Files</Filter>
    </ClInclude>
    <ClInclude Include="Game\SDK\LiveLinkInterface_classes.hpp">
      <Filter>Header Files</Filter>
    </ClInclude>
    <ClInclude Include="Game\SDK\LiveLinkInterface_structs.hpp">
      <Filter>Header Files</Filter>
    </ClInclude>
    <ClInclude Include="Game\SDK\Lobby_classes.hpp">
      <Filter>Header Files</Filter>
    </ClInclude>
    <ClInclude Include="Game\SDK\Lobby_parameters.hpp">
      <Filter>Header Files</Filter>
    </ClInclude>
    <ClInclude Include="Game\SDK\Lobby_structs.hpp">
      <Filter>Header Files</Filter>
    </ClInclude>
    <ClInclude Include="Game\SDK\McpProfileSys_classes.hpp">
      <Filter>Header Files</Filter>
    </ClInclude>
    <ClInclude Include="Game\SDK\McpProfileSys_parameters.hpp">
      <Filter>Header Files</Filter>
    </ClInclude>
    <ClInclude Include="Game\SDK\McpProfileSys_structs.hpp">
      <Filter>Header Files</Filter>
    </ClInclude>
    <ClInclude Include="Game\SDK\MediaAssets_classes.hpp">
      <Filter>Header Files</Filter>
    </ClInclude>
    <ClInclude Include="Game\SDK\MediaAssets_parameters.hpp">
      <Filter>Header Files</Filter>
    </ClInclude>
    <ClInclude Include="Game\SDK\MediaAssets_structs.hpp">
      <Filter>Header Files</Filter>
    </ClInclude>
    <ClInclude Include="Game\SDK\MediaUtils_structs.hpp">
      <Filter>Header Files</Filter>
    </ClInclude>
    <ClInclude Include="Game\SDK\MeshNetwork_classes.hpp">
      <Filter>Header Files</Filter>
    </ClInclude>
    <ClInclude Include="Game\SDK\MeshNetwork_parameters.hpp">
      <Filter>Header Files</Filter>
    </ClInclude>
    <ClInclude Include="Game\SDK\MeshNetwork_structs.hpp">
      <Filter>Header Files</Filter>
    </ClInclude>
    <ClInclude Include="Game\SDK\MovieScene_classes.hpp">
      <Filter>Header Files</Filter>
    </ClInclude>
    <ClInclude Include="Game\SDK\MovieScene_parameters.hpp">
      <Filter>Header Files</Filter>
    </ClInclude>
    <ClInclude Include="Game\SDK\MovieScene_structs.hpp">
      <Filter>Header Files</Filter>
    </ClInclude>
    <ClInclude Include="Game\SDK\MovieSceneCapture_classes.hpp">
      <Filter>Header Files</Filter>
    </ClInclude>
    <ClInclude Include="Game\SDK\MovieSceneCapture_parameters.hpp">
      <Filter>Header Files</Filter>
    </ClInclude>
    <ClInclude Include="Game\SDK\MovieSceneCapture_structs.hpp">
      <Filter>Header Files</Filter>
    </ClInclude>
    <ClInclude Include="Game\SDK\MovieSceneTracks_classes.hpp">
      <Filter>Header Files</Filter>
    </ClInclude>
    <ClInclude Include="Game\SDK\MovieSceneTracks_parameters.hpp">
      <Filter>Header Files</Filter>
    </ClInclude>
    <ClInclude Include="Game\SDK\MovieSceneTracks_structs.hpp">
      <Filter>Header Files</Filter>
    </ClInclude>
    <ClInclude Include="Game\SDK\NavigationSystem_classes.hpp">
      <Filter>Header Files</Filter>
    </ClInclude>
    <ClInclude Include="Game\SDK\NavigationSystem_parameters.hpp">
      <Filter>Header Files</Filter>
    </ClInclude>
    <ClInclude Include="Game\SDK\NavigationSystem_structs.hpp">
      <Filter>Header Files</Filter>
    </ClInclude>
    <ClInclude Include="Game\SDK\OnlineSubsystem_classes.hpp">
      <Filter>Header Files</Filter>
    </ClInclude>
    <ClInclude Include="Game\SDK\OnlineSubsystem_parameters.hpp">
      <Filter>Header Files</Filter>
    </ClInclude>
    <ClInclude Include="Game\SDK\OnlineSubsystem_structs.hpp">
      <Filter>Header Files</Filter>
    </ClInclude>
    <ClInclude Include="Game\SDK\OnlineSubsystemUtils_classes.hpp">
      <Filter>Header Files</Filter>
    </ClInclude>
    <ClInclude Include="Game\SDK\OnlineSubsystemUtils_parameters.hpp">
      <Filter>Header Files</Filter>
    </ClInclude>
    <ClInclude Include="Game\SDK\OnlineSubsystemUtils_structs.hpp">
      <Filter>Header Files</Filter>
    </ClInclude>
    <ClInclude Include="Game\SDK\Overlay_classes.hpp">
      <Filter>Header Files</Filter>
    </ClInclude>
    <ClInclude Include="Game\SDK\Overlay_structs.hpp">
      <Filter>Header Files</Filter>
    </ClInclude>
    <ClInclude Include="Game\SDK\PacketHandler_classes.hpp">
      <Filter>Header Files</Filter>
    </ClInclude>
    <ClInclude Include="Game\SDK\Party_classes.hpp">
      <Filter>Header Files</Filter>
    </ClInclude>
    <ClInclude Include="Game\SDK\Party_structs.hpp">
      <Filter>Header Files</Filter>
    </ClInclude>
    <ClInclude Include="Game\SDK\PhysXVehicles_classes.hpp">
      <Filter>Header Files</Filter>
    </ClInclude>
    <ClInclude Include="Game\SDK\PhysXVehicles_parameters.hpp">
      <Filter>Header Files</Filter>
    </ClInclude>
    <ClInclude Include="Game\SDK\PhysXVehicles_structs.hpp">
      <Filter>Header Files</Filter>
    </ClInclude>
    <ClInclude Include="Game\SDK\PropertyPath_structs.hpp">
      <Filter>Header Files</Filter>
    </ClInclude>
    <ClInclude Include="Game\SDK\Rejoin_classes.hpp">
      <Filter>Header Files</Filter>
    </ClInclude>
    <ClInclude Include="Game\SDK\Rejoin_structs.hpp">
      <Filter>Header Files</Filter>
    </ClInclude>
    <ClInclude Include="Game\SDK\RejoinWindow_classes.hpp">
      <Filter>Header Files</Filter>
    </ClInclude>
    <ClInclude Include="Game\SDK\ReplicationGraph_classes.hpp">
      <Filter>Header Files</Filter>
    </ClInclude>
    <ClInclude Include="Game\SDK\ReplicationGraph_parameters.hpp">
      <Filter>Header Files</Filter>
    </ClInclude>
    <ClInclude Include="Game\SDK\ReplicationGraph_structs.hpp">
      <Filter>Header Files</Filter>
    </ClInclude>
    <ClInclude Include="Game\SDK\SignificanceManager_classes.hpp">
      <Filter>Header Files</Filter>
    </ClInclude>
    <ClInclude Include="Game\SDK\Slate_classes.hpp">
      <Filter>Header Files</Filter>
    </ClInclude>
    <ClInclude Include="Game\SDK\Slate_structs.hpp">
      <Filter>Header Files</Filter>
    </ClInclude>
    <ClInclude Include="Game\SDK\SlateCore_classes.hpp">
      <Filter>Header Files</Filter>
    </ClInclude>
    <ClInclude Include="Game\SDK\SlateCore_structs.hpp">
      <Filter>Header Files</Filter>
    </ClInclude>
    <ClInclude Include="Game\SDK\SocialUMG_classes.hpp">
      <Filter>Header Files</Filter>
    </ClInclude>
    <ClInclude Include="Game\SDK\SocialUMG_parameters.hpp">
      <Filter>Header Files</Filter>
    </ClInclude>
    <ClInclude Include="Game\SDK\SocialUMG_structs.hpp">
      <Filter>Header Files</Filter>
    </ClInclude>
    <ClInclude Include="Game\SDK\Subtitles_classes.hpp">
      <Filter>Header Files</Filter>
    </ClInclude>
    <ClInclude Include="Game\SDK\SubtitlesWidgets_classes.hpp">
      <Filter>Header Files</Filter>
    </ClInclude>
    <ClInclude Include="Game\SDK\SubtitlesWidgets_parameters.hpp">
      <Filter>Header Files</Filter>
    </ClInclude>
    <ClInclude Include="Game\SDK\UMG_classes.hpp">
      <Filter>Header Files</Filter>
    </ClInclude>
    <ClInclude Include="Game\SDK\UMG_parameters.hpp">
      <Filter>Header Files</Filter>
    </ClInclude>
    <ClInclude Include="Game\SDK\UMG_structs.hpp">
      <Filter>Header Files</Filter>
    </ClInclude>
    <ClInclude Include="Game\SDK\WebBrowser_structs.hpp">
      <Filter>Header Files</Filter>
    </ClInclude>
    <ClInclude Include="Game\SDK\PacketHandler_structs.hpp">
      <Filter>Header Files</Filter>
    </ClInclude>
    <ClInclude Include="Game\SDK\SocialTypes_structs.hpp">
      <Filter>Header Files</Filter>
    </ClInclude>
    <ClInclude Include="Game\SDK\RejoinWindow_parameters.hpp">
      <Filter>Header Files</Filter>
    </ClInclude>
    <ClInclude Include="Public\maths.h">
      <Filter>Header Files</Filter>
    </ClInclude>
    <ClInclude Include="Public\esp.h">
      <Filter>Header Files</Filter>
    </ClInclude>
    <ClInclude Include="Public\aimbot.h">
      <Filter>Header Files</Filter>
    </ClInclude>
    <ClInclude Include="Public\Bones.h">
      <Filter>Header Files</Filter>
    </ClInclude>
    <ClInclude Include="Public\log.h">
      <Filter>Header Files</Filter>
    </ClInclude>
    <ClInclude Include="Public\player.h">
      <Filter>Header Files</Filter>
    </ClInclude>
    <ClInclude Include="Public\weapon.h">
      <Filter>Header Files</Filter>
    </ClInclude>
    <ClInclude Include="hooks\hooks.h">
      <Filter>Header Files</Filter>
    </ClInclude>
    <ClInclude Include="Public\vehicle.h">
      <Filter>Header Files</Filter>
    </ClInclude>
  </ItemGroup>
  <ItemGroup>
    <None Include="external\kiero\minhook\dll_resources\MinHook.def">
      <Filter>Source Files</Filter>
    </None>
    <None Include="Game\Assertions.inl">
      <Filter>Header Files</Filter>
    </None>
    <None Include="Game\NameCollisions.inl">
      <Filter>Header Files</Filter>
    </None>
  </ItemGroup>
  <ItemGroup>
    <ResourceCompile Include="external\kiero\minhook\dll_resources\MinHook.rc">
      <Filter>Resource Files</Filter>
    </ResourceCompile>
  </ItemGroup>
</Project>